
Microsoft Visual Studio Solution File, Format Version 12.00
# Visual Studio Version 17
VisualStudioVersion = 17.5.33424.131
MinimumVisualStudioVersion = 10.0.40219.1
Project("{FAE04EC0-301F-11D3-BF4B-00C04F79EFBC}") = "ObserverPattern", "ObserverPattern\ObserverPattern.csproj", "{43DA0CC8-CDD2-45B3-AA88-6A3741921282}"
EndProject
Global
	GlobalSection(SolutionConfigurationPlatforms) = preSolution
		Debug|Any CPU = Debug|Any CPU
		Release|Any CPU = Release|Any CPU
	EndGlobalSection
	GlobalSection(ProjectConfigurationPlatforms) = postSolution
		{43DA0CC8-CDD2-45B3-AA88-6A3741921282}.Debug|Any CPU.ActiveCfg = Debug|Any CPU
		{43DA0CC8-CDD2-45B3-AA88-6A3741921282}.Debug|Any CPU.Build.0 = Debug|Any CPU
		{43DA0CC8-CDD2-45B3-AA88-6A3741921282}.Release|Any CPU.ActiveCfg = Release|Any CPU
		{43DA0CC8-CDD2-45B3-AA88-6A3741921282}.Release|Any CPU.Build.0 = Release|Any CPU
	EndGlobalSection
	GlobalSection(SolutionProperties) = preSolution
		HideSolutionNode = FALSE
	EndGlobalSection
	GlobalSection(ExtensibilityGlobals) = postSolution
		SolutionGuid = {4AE48B1D-EBEE-4A77-8194-F182758D71FE}
	EndGlobalSection
EndGlobal
